{
  "name": "@writetome51/open-array-item-replacer",
  "version": "1.0.0",
  "lockfileVersion": 1,
  "requires": true,
  "dependencies": {
    "@writetome51/adjacent-to-value-info-interface": {
      "version": "1.0.0",
      "resolved": "https://registry.npmjs.org/@writetome51/adjacent-to-value-info-interface/-/adjacent-to-value-info-interface-1.0.0.tgz",
      "integrity": "sha512-9WijreXYnReEwpMbewloX5kOsnx1dOITwoE0G6VBN69AoRxAyLx/2Zsa3AE3rrXp6NpSnZmkhPABDWHwCD2/Cg=="
    },
    "@writetome51/array-analysis-basic": {
      "version": "1.0.1",
      "resolved": "https://registry.npmjs.org/@writetome51/array-analysis-basic/-/array-analysis-basic-1.0.1.tgz",
      "integrity": "sha512-tY/4f/DCIn7tP6XF/Iyph1Ha8T29dan4fsaxQJEPcyXstga4OyYVeNzWnW2bFpmzeMXooXVlk/2YEFBaUWFUsw==",
      "requires": {
        "@writetome51/array-get-indexes-basic": "^1.0.0",
        "basic-data-handling": "^1.0.9"
      }
    },
    "@writetome51/array-and-index-validation": {
      "version": "1.0.0",
      "resolved": "https://registry.npmjs.org/@writetome51/array-and-index-validation/-/array-and-index-validation-1.0.0.tgz",
      "integrity": "sha512-tlRCgXC/UNwtjiiot9QZot8uNG99jvluUSJe0tNxY5LGKEBU8DHZN/yh1OfkVnrrXWjWTmtISv5SM32LtXRWXg==",
      "requires": {
        "basic-data-handling": "^1.0.9"
      }
    },
    "@writetome51/array-get-and-removers-basic": {
      "version": "1.0.0",
      "resolved": "https://registry.npmjs.org/@writetome51/array-get-and-removers-basic/-/array-get-and-removers-basic-1.0.0.tgz",
      "integrity": "sha512-Q8n4QWuG84eRSoYPDoEXSe25qghrhGylx7ML/jTl7HBkX0mfmPAECO9c+7ndOjpLpyKotBox1azjFhuy/TnNoQ==",
      "requires": {
        "@writetome51/array-and-index-validation": "^1.0.0",
        "basic-data-handling": "^1.0.9"
      }
    },
    "@writetome51/array-get-indexes-basic": {
      "version": "1.0.0",
      "resolved": "https://registry.npmjs.org/@writetome51/array-get-indexes-basic/-/array-get-indexes-basic-1.0.0.tgz",
      "integrity": "sha512-PY6QDVk0KWXnEBn2E9rJVDUSn9awuhPmZFEGOAuLwNjxqF88wstt/uzQiQfaaWUZyV2ut3kbiEkwChA3lDLd6Q==",
      "requires": {
        "@writetome51/array-and-index-validation": "^1.0.0",
        "@writetome51/array-non-modifying-getters-basic": "^1.0.1",
        "@writetome51/arrays-match": "^1.0.0",
        "basic-data-handling": "^1.0.9"
      }
    },
    "@writetome51/array-insert-replace-basic": {
      "version": "1.0.1",
      "resolved": "https://registry.npmjs.org/@writetome51/array-insert-replace-basic/-/array-insert-replace-basic-1.0.1.tgz",
      "integrity": "sha512-nsT9f2CtOPQkBMECFkYcgB5g4ReahQF7HAaCM0kadFgjQCy1/19k3VaoMm9w2JaNoqtC6fXUnnvZeZvokSwWIg==",
      "requires": {
        "@writetome51/array-and-index-validation": "^1.0.0",
        "@writetome51/array-removers-basic": "^1.0.0",
        "basic-data-handling": "^1.0.9"
      }
    },
    "@writetome51/array-non-modifying-getters-basic": {
      "version": "1.0.1",
      "resolved": "https://registry.npmjs.org/@writetome51/array-non-modifying-getters-basic/-/array-non-modifying-getters-basic-1.0.1.tgz",
      "integrity": "sha512-2cZlzunLQ/ZB9a8QuaVQNlltGBryXG8zAeKfV1WQw1MxnXTMn7DHEVN8OV127EO35ffK5gQLqMybBzWC/jAaug==",
      "requires": {
        "@writetome51/array-and-index-validation": "^1.0.0",
        "basic-data-handling": "^1.0.9"
      }
    },
    "@writetome51/array-removers-basic": {
      "version": "1.0.0",
      "resolved": "https://registry.npmjs.org/@writetome51/array-removers-basic/-/array-removers-basic-1.0.0.tgz",
      "integrity": "sha512-YFVkF2hl5N38xs5DscCwJ7EGzqw01PwrqUZVu/54kl8Tp/5HAMJJXns3oljgZIZihMV66S0DZ4THNuQq/mBu8Q==",
      "requires": {
        "@writetome51/array-get-and-removers-basic": "^1.0.0"
      }
    },
    "@writetome51/array-replace-intermediate": {
      "version": "1.0.1",
      "resolved": "https://registry.npmjs.org/@writetome51/array-replace-intermediate/-/array-replace-intermediate-1.0.1.tgz",
      "integrity": "sha512-LXfgOWhyJ/TofloZz06xtH3CFdEOn+5WYDBPWM07b0dzGcLV9pJpo/A0NegnZ37g0aYSmjykj78ZPX5cSTPjbQ==",
      "requires": {
        "@writetome51/adjacent-to-value-info-interface": "^1.0.0",
        "@writetome51/array-analysis-basic": "^1.0.1",
        "@writetome51/array-and-index-validation": "^1.0.0",
        "@writetome51/array-get-indexes-basic": "^1.0.0",
        "@writetome51/array-insert-replace-basic": "^1.0.1"
      }
    },
    "@writetome51/arrays-match": {
      "version": "1.0.0",
      "resolved": "https://registry.npmjs.org/@writetome51/arrays-match/-/arrays-match-1.0.0.tgz",
      "integrity": "sha512-gKtR9FUQvXMiLWf6gKizV4VyjeNb8MmMkKW/3U3l03gQniXDMlS6XZpzkian+YBX8DycjQVEUkCAfx9E78BDbw==",
      "requires": {
        "basic-data-handling": "^1.0.9"
      }
    },
    "@writetome51/open-array-container": {
      "version": "1.0.0",
      "resolved": "https://registry.npmjs.org/@writetome51/open-array-container/-/open-array-container-1.0.0.tgz",
      "integrity": "sha512-RfRsDNLfr4JViKQToGoS/9L6kFypwWzsP5mErNHQ/QtoDYQXZEk1tT/a13iEBPBtn8jxYwsF2lWdS6XD7f1FWA==",
      "requires": {
        "basic-data-handling": "^1.0.9",
        "batch-getter-setter": "^1.0.0",
        "open-data-container-interface": "^1.0.0"
      }
    },
    "basic-data-handling": {
      "version": "1.0.9",
      "resolved": "https://registry.npmjs.org/basic-data-handling/-/basic-data-handling-1.0.9.tgz",
      "integrity": "sha512-lNGGr5rEJ4fsAAhga6R8tieElxxVWX50qc/oFz7vJj7d4tGkclqcqp3WJIQq0IfH31LcCOnxEsUcy+hQGxS12Q=="
    },
    "batch-getter-setter": {
      "version": "1.0.0",
      "resolved": "https://registry.npmjs.org/batch-getter-setter/-/batch-getter-setter-1.0.0.tgz",
      "integrity": "sha512-o4a6NURLje2lxgngkTknmT4DKv4pAekj+1YqU0UIPNmeAMW2SvyaNqeCVcA0x5pkTYcSu/0bvMGzSc4e3H8H1g==",
      "requires": {
        "method-chainable": "^1.0.0"
      }
    },
    "method-chainable": {
      "version": "1.0.0",
      "resolved": "https://registry.npmjs.org/method-chainable/-/method-chainable-1.0.0.tgz",
      "integrity": "sha512-h1CpqXp1BFqFAlkQL6lydba1Qh/iLj1TjLZzQgCwfzahGF1oTT9ry5YWIbdDyQ3hqMpS5OM8rIEb/Hiz2L9N7Q==",
      "requires": {
        "self-identifiable": "^1.0.1"
      }
    },
    "open-data-container-interface": {
      "version": "1.0.0",
      "resolved": "https://registry.npmjs.org/open-data-container-interface/-/open-data-container-interface-1.0.0.tgz",
      "integrity": "sha512-IYE3nUic2oHS4wUsNtZAEBrJCIGe7CchoPDvpoYcHuZjib7pFaYbLMjVoixusQhtutwmlCreu/FDqGWk9OjW+w=="
    },
    "self-identifiable": {
      "version": "1.0.1",
      "resolved": "https://registry.npmjs.org/self-identifiable/-/self-identifiable-1.0.1.tgz",
      "integrity": "sha512-I3Rvcu0CKKBbRZJ/rS1PGY5vc/DFDW9/ioYNgPueR5bMds/qdpDMHNhlYT9fb7nDms6X6k3F5lJAL9j7M17pbQ=="
    }
  }
}
