{
  "name": "@writetome51/public-array-replacer",
  "version": "1.0.0",
  "lockfileVersion": 1,
  "requires": true,
  "dependencies": {
    "@writetome51/adjacent-to-value-info-interface": {
      "version": "1.0.2",
      "resolved": "https://registry.npmjs.org/@writetome51/adjacent-to-value-info-interface/-/adjacent-to-value-info-interface-1.0.2.tgz",
      "integrity": "sha512-rjqcohcCvzKfwLN+jyE1hHu3gfg1vgfChHFkCDctISj1cyBZQScQ8+dkGlF5wkWpIdwAhHh6VOPcfu9cfNEZ2Q=="
    },
    "@writetome51/array-and-index-validation": {
      "version": "1.0.2",
      "resolved": "https://registry.npmjs.org/@writetome51/array-and-index-validation/-/array-and-index-validation-1.0.2.tgz",
      "integrity": "sha512-KHeEgYH93DLtHlEPryaabfIDdTx4mhmy98xsxlA9wvEjmu5yjM4XzjhLRIQlqzOCjEpwKJZT5Zs/hDXWcHA68g==",
      "requires": {
        "basic-data-handling": "^1.0.13"
      },
      "dependencies": {
        "basic-data-handling": {
          "version": "1.0.13",
          "resolved": "https://registry.npmjs.org/basic-data-handling/-/basic-data-handling-1.0.13.tgz",
          "integrity": "sha512-YRXUq0keESBb4XXzFAStPYJjviRx6CPPSzT/EfpMOLRfBrhnbBeKD2n+kfZyw2zvjreClf16xPF0tDjiLO+ogw=="
        }
      }
    },
    "@writetome51/array-get-adjacent-at": {
      "version": "1.0.1",
      "resolved": "https://registry.npmjs.org/@writetome51/array-get-adjacent-at/-/array-get-adjacent-at-1.0.1.tgz",
      "integrity": "sha512-oecneNlT2Zp3tRA6kibQj6ZE7ubJz2n1rvMu7ko0sOL6BgeupW/5B4BCcUTTw7BPbxbbsLvLapc1WxPA1Pmuvg=="
    },
    "@writetome51/array-get-indexes-basic": {
      "version": "1.0.6",
      "resolved": "https://registry.npmjs.org/@writetome51/array-get-indexes-basic/-/array-get-indexes-basic-1.0.6.tgz",
      "integrity": "sha512-iTrdbp2PR+ZYrIPAo6cpZZ3JwD37erhD0z5OZzEh1DaqhfBullBGzTAgo46RTMz4f/GyJ8EVlEzg7D8MO2QR2Q==",
      "requires": {
        "@writetome51/arrays-match": "^1.0.3",
        "basic-data-handling": "^1.0.13",
        "error-if-not-populated-array": "^1.0.0",
        "error-if-not-primitive-or-array": "^1.0.1",
        "error-if-values-are-not-arrays": "^1.0.2"
      },
      "dependencies": {
        "@writetome51/arrays-match": {
          "version": "1.0.3",
          "resolved": "https://registry.npmjs.org/@writetome51/arrays-match/-/arrays-match-1.0.3.tgz",
          "integrity": "sha512-5KCbcOQE1+mHew1JGMOu5m9whlCA5uyLQT58qZrQHvBZP8SUutBKWGUdYjMrOKRw41I024x1+knE/8uPmUtWow==",
          "requires": {
            "basic-data-handling": "~1.0.13",
            "error-if-values-are-not-arrays": "~1.0.2"
          }
        },
        "basic-data-handling": {
          "version": "1.0.13",
          "resolved": "https://registry.npmjs.org/basic-data-handling/-/basic-data-handling-1.0.13.tgz",
          "integrity": "sha512-YRXUq0keESBb4XXzFAStPYJjviRx6CPPSzT/EfpMOLRfBrhnbBeKD2n+kfZyw2zvjreClf16xPF0tDjiLO+ogw=="
        },
        "error-if-not-populated-array": {
          "version": "1.0.0",
          "resolved": "https://registry.npmjs.org/error-if-not-populated-array/-/error-if-not-populated-array-1.0.0.tgz",
          "integrity": "sha512-MFSzXiKW7NfuDW4L1Cw6BO5Fb65I0poOefRNTEoa40UdpzljNHQnfchVr2bNjqboxRrEHcYBIz85mxCC+wSrFg==",
          "requires": {
            "basic-data-handling": "^1.0.13"
          }
        },
        "error-if-values-are-not-arrays": {
          "version": "1.0.2",
          "resolved": "https://registry.npmjs.org/error-if-values-are-not-arrays/-/error-if-values-are-not-arrays-1.0.2.tgz",
          "integrity": "sha512-HD4BW6LoQpF0aGVIW1UCsY8LLnB+19kGoYs2HaB8CcaBcGw0ed3XnwJTSb/sr8YqLFkhfFO5bsaFB8savUPKsw==",
          "requires": {
            "basic-data-handling": "~1.0.13"
          }
        }
      }
    },
    "@writetome51/array-get-indexes-intermediate": {
      "version": "1.0.4",
      "resolved": "https://registry.npmjs.org/@writetome51/array-get-indexes-intermediate/-/array-get-indexes-intermediate-1.0.4.tgz",
      "integrity": "sha512-SosT35sRUfn8QnmToHym5ZJ3XVToFEmCFcjsrFB1mhHMeXDdlCsafpjjjd/98G6kOoz45IGFBRSjXGKVJqaGVQ==",
      "requires": {
        "error-if-not-primitive-or-array": "^1.0.1"
      }
    },
    "@writetome51/array-has": {
      "version": "1.0.5",
      "resolved": "https://registry.npmjs.org/@writetome51/array-has/-/array-has-1.0.5.tgz",
      "integrity": "sha512-kBFnbW0Rl9rUN4NBPChUVQ+4aGcySBqYktiGyGOLzq7OriZ2Vms67/xN//bkV7b54/JMM0trII+a65mK2vlG1w==",
      "requires": {
        "@writetome51/array-get-adjacent-at": "^1.0.1",
        "@writetome51/array-get-indexes-basic": "^1.0.6",
        "@writetome51/array-get-indexes-intermediate": "^1.0.4",
        "@writetome51/arrays-match": "^1.0.3",
        "basic-data-handling": "^1.0.13"
      },
      "dependencies": {
        "@writetome51/array-and-index-validation": {
          "version": "1.0.2",
          "resolved": "https://registry.npmjs.org/@writetome51/array-and-index-validation/-/array-and-index-validation-1.0.2.tgz",
          "integrity": "sha512-KHeEgYH93DLtHlEPryaabfIDdTx4mhmy98xsxlA9wvEjmu5yjM4XzjhLRIQlqzOCjEpwKJZT5Zs/hDXWcHA68g==",
          "requires": {
            "basic-data-handling": "^1.0.13"
          }
        },
        "@writetome51/array-get-indexes-basic": {
          "version": "1.0.6",
          "resolved": "https://registry.npmjs.org/@writetome51/array-get-indexes-basic/-/array-get-indexes-basic-1.0.6.tgz",
          "integrity": "sha512-iTrdbp2PR+ZYrIPAo6cpZZ3JwD37erhD0z5OZzEh1DaqhfBullBGzTAgo46RTMz4f/GyJ8EVlEzg7D8MO2QR2Q==",
          "requires": {
            "@writetome51/arrays-match": "^1.0.3",
            "basic-data-handling": "^1.0.13",
            "error-if-not-populated-array": "^1.0.0",
            "error-if-not-primitive-or-array": "^1.0.1",
            "error-if-values-are-not-arrays": "^1.0.2"
          }
        },
        "@writetome51/arrays-match": {
          "version": "1.0.3",
          "resolved": "https://registry.npmjs.org/@writetome51/arrays-match/-/arrays-match-1.0.3.tgz",
          "integrity": "sha512-5KCbcOQE1+mHew1JGMOu5m9whlCA5uyLQT58qZrQHvBZP8SUutBKWGUdYjMrOKRw41I024x1+knE/8uPmUtWow==",
          "requires": {
            "basic-data-handling": "~1.0.13",
            "error-if-values-are-not-arrays": "~1.0.2"
          }
        },
        "basic-data-handling": {
          "version": "1.0.13",
          "resolved": "https://registry.npmjs.org/basic-data-handling/-/basic-data-handling-1.0.13.tgz",
          "integrity": "sha512-YRXUq0keESBb4XXzFAStPYJjviRx6CPPSzT/EfpMOLRfBrhnbBeKD2n+kfZyw2zvjreClf16xPF0tDjiLO+ogw=="
        },
        "error-if-not-populated-array": {
          "version": "1.0.0",
          "resolved": "https://registry.npmjs.org/error-if-not-populated-array/-/error-if-not-populated-array-1.0.0.tgz",
          "integrity": "sha512-MFSzXiKW7NfuDW4L1Cw6BO5Fb65I0poOefRNTEoa40UdpzljNHQnfchVr2bNjqboxRrEHcYBIz85mxCC+wSrFg==",
          "requires": {
            "basic-data-handling": "^1.0.13"
          }
        },
        "error-if-values-are-not-arrays": {
          "version": "1.0.2",
          "resolved": "https://registry.npmjs.org/error-if-values-are-not-arrays/-/error-if-values-are-not-arrays-1.0.2.tgz",
          "integrity": "sha512-HD4BW6LoQpF0aGVIW1UCsY8LLnB+19kGoYs2HaB8CcaBcGw0ed3XnwJTSb/sr8YqLFkhfFO5bsaFB8savUPKsw==",
          "requires": {
            "basic-data-handling": "~1.0.13"
          }
        }
      }
    },
    "@writetome51/array-replace-adjacent-at": {
      "version": "1.0.1",
      "resolved": "https://registry.npmjs.org/@writetome51/array-replace-adjacent-at/-/array-replace-adjacent-at-1.0.1.tgz",
      "integrity": "sha512-79tByq4fxMj86LUDuAIppeyCwSs28+xGhKqYOdv9yN8xw2dkYAUietC1Vmojwc24zlnmWtWUDkE6KzMVgQh1rg==",
      "requires": {
        "@writetome51/array-replace-adjacent-items": "~1.0.1",
        "basic-data-handling": "~1.0.13"
      }
    },
    "@writetome51/array-replace-adjacent-items": {
      "version": "1.0.1",
      "resolved": "https://registry.npmjs.org/@writetome51/array-replace-adjacent-items/-/array-replace-adjacent-items-1.0.1.tgz",
      "integrity": "sha512-E2+92jM8sMVQafLRPRHMilcOGenA41DxJdlm/dZmBsxzw8dGe6umlLQe297B3gDS6dbQ+LvfGpgwXa+qqsc3Kw==",
      "requires": {
        "@writetome51/array-and-index-validation": "^1.0.2",
        "basic-data-handling": "^1.0.13"
      },
      "dependencies": {
        "@writetome51/array-and-index-validation": {
          "version": "1.0.2",
          "resolved": "https://registry.npmjs.org/@writetome51/array-and-index-validation/-/array-and-index-validation-1.0.2.tgz",
          "integrity": "sha512-KHeEgYH93DLtHlEPryaabfIDdTx4mhmy98xsxlA9wvEjmu5yjM4XzjhLRIQlqzOCjEpwKJZT5Zs/hDXWcHA68g==",
          "requires": {
            "basic-data-handling": "^1.0.13"
          }
        },
        "basic-data-handling": {
          "version": "1.0.13",
          "resolved": "https://registry.npmjs.org/basic-data-handling/-/basic-data-handling-1.0.13.tgz",
          "integrity": "sha512-YRXUq0keESBb4XXzFAStPYJjviRx6CPPSzT/EfpMOLRfBrhnbBeKD2n+kfZyw2zvjreClf16xPF0tDjiLO+ogw=="
        }
      }
    },
    "@writetome51/array-replace-adjacent-to-value": {
      "version": "1.1.1",
      "resolved": "https://registry.npmjs.org/@writetome51/array-replace-adjacent-to-value/-/array-replace-adjacent-to-value-1.1.1.tgz",
      "integrity": "sha512-GXv40EKGTyyVLiySL3jyiQ5sUUt9o1u5UseTKEeDOV3fOjqkrqS7ZVGKSH63rQhYVA2KM/Fsff5zMuDi2NOVDg==",
      "requires": {
        "@writetome51/adjacent-to-value-info-interface": "~1.0.2",
        "@writetome51/array-and-index-validation": "~1.0.2",
        "@writetome51/array-get-indexes-basic": "~1.0.6",
        "@writetome51/array-replace-adjacent-items": "~1.0.1",
        "basic-data-handling": "~1.0.13"
      }
    },
    "@writetome51/array-replace-at": {
      "version": "1.1.1",
      "resolved": "https://registry.npmjs.org/@writetome51/array-replace-at/-/array-replace-at-1.1.1.tgz",
      "integrity": "sha512-B64J6WnU9KsHnWks3G+ZpYtJ89JS4IXp2XnCAHgEZoIrJvAWFt0GVREP+a5o+NkjA1oVa4cvD2Jw0LCUzL+jKg==",
      "requires": {
        "@writetome51/array-replace-adjacent-items": "~1.0.1"
      }
    },
    "@writetome51/array-replace-between": {
      "version": "1.0.1",
      "resolved": "https://registry.npmjs.org/@writetome51/array-replace-between/-/array-replace-between-1.0.1.tgz",
      "integrity": "sha512-ik6p0oFOpDwrYV27S+WVPvmMNIlE/L87ASmp5l4K/O7PMSHOQGZmvdDOslJGX8V+chXdXQDOtGe4U9HyKeGi5Q==",
      "requires": {
        "@writetome51/array-replace-adjacent-items": "^1.0.1",
        "basic-data-handling": "^1.0.13"
      },
      "dependencies": {
        "@writetome51/array-and-index-validation": {
          "version": "1.0.2",
          "resolved": "https://registry.npmjs.org/@writetome51/array-and-index-validation/-/array-and-index-validation-1.0.2.tgz",
          "integrity": "sha512-KHeEgYH93DLtHlEPryaabfIDdTx4mhmy98xsxlA9wvEjmu5yjM4XzjhLRIQlqzOCjEpwKJZT5Zs/hDXWcHA68g==",
          "requires": {
            "basic-data-handling": "^1.0.13"
          }
        },
        "@writetome51/array-replace-adjacent-items": {
          "version": "1.0.1",
          "resolved": "https://registry.npmjs.org/@writetome51/array-replace-adjacent-items/-/array-replace-adjacent-items-1.0.1.tgz",
          "integrity": "sha512-E2+92jM8sMVQafLRPRHMilcOGenA41DxJdlm/dZmBsxzw8dGe6umlLQe297B3gDS6dbQ+LvfGpgwXa+qqsc3Kw==",
          "requires": {
            "@writetome51/array-and-index-validation": "^1.0.2",
            "basic-data-handling": "^1.0.13"
          }
        },
        "basic-data-handling": {
          "version": "1.0.13",
          "resolved": "https://registry.npmjs.org/basic-data-handling/-/basic-data-handling-1.0.13.tgz",
          "integrity": "sha512-YRXUq0keESBb4XXzFAStPYJjviRx6CPPSzT/EfpMOLRfBrhnbBeKD2n+kfZyw2zvjreClf16xPF0tDjiLO+ogw=="
        }
      }
    },
    "@writetome51/array-replace-first-of-all-of": {
      "version": "1.1.2",
      "resolved": "https://registry.npmjs.org/@writetome51/array-replace-first-of-all-of/-/array-replace-first-of-all-of-1.1.2.tgz",
      "integrity": "sha512-9+QuefNaXDc+xuFKxUhWSGusPYYbp2W0JOnN9SbBml2EqivpeylqAXUgJXvunqa2G7t0wGjiWdonTv75NPbQYg==",
      "requires": {
        "@writetome51/array-and-index-validation": "~1.0.2",
        "@writetome51/array-get-indexes-basic": "~1.0.6",
        "@writetome51/array-has": "~1.0.5",
        "@writetome51/array-replace-at": "~1.1.0",
        "@writetome51/arrays-match": "~1.0.2",
        "basic-data-handling": "~1.0.13",
        "error-if-not-populated-array": "~1.0.0"
      }
    },
    "@writetome51/arrays-match": {
      "version": "1.0.3",
      "resolved": "https://registry.npmjs.org/@writetome51/arrays-match/-/arrays-match-1.0.3.tgz",
      "integrity": "sha512-5KCbcOQE1+mHew1JGMOu5m9whlCA5uyLQT58qZrQHvBZP8SUutBKWGUdYjMrOKRw41I024x1+knE/8uPmUtWow==",
      "requires": {
        "basic-data-handling": "~1.0.13",
        "error-if-values-are-not-arrays": "~1.0.2"
      }
    },
    "@writetome51/public-array-container": {
      "version": "1.0.4",
      "resolved": "https://registry.npmjs.org/@writetome51/public-array-container/-/public-array-container-1.0.4.tgz",
      "integrity": "sha512-3jOz7kIFTUc6mWssKvsQJ6uQmurL7JjvAruDwKQjU7TfpqzI6MyjJ3ahnDTMHmJhKtS8sLQip+5XYMS7XWGrHQ==",
      "requires": {
        "basic-data-handling": "~1.0.13",
        "batch-getter-setter": "~1.0.0",
        "public-data-container-interface": "~1.0.3"
      }
    },
    "basic-data-handling": {
      "version": "1.0.13",
      "resolved": "https://registry.npmjs.org/basic-data-handling/-/basic-data-handling-1.0.13.tgz",
      "integrity": "sha512-YRXUq0keESBb4XXzFAStPYJjviRx6CPPSzT/EfpMOLRfBrhnbBeKD2n+kfZyw2zvjreClf16xPF0tDjiLO+ogw=="
    },
    "batch-getter-setter": {
      "version": "1.0.0",
      "resolved": "https://registry.npmjs.org/batch-getter-setter/-/batch-getter-setter-1.0.0.tgz",
      "integrity": "sha512-o4a6NURLje2lxgngkTknmT4DKv4pAekj+1YqU0UIPNmeAMW2SvyaNqeCVcA0x5pkTYcSu/0bvMGzSc4e3H8H1g==",
      "requires": {
        "method-chainable": "^1.0.0"
      }
    },
    "error-if-not-populated-array": {
      "version": "1.0.0",
      "resolved": "https://registry.npmjs.org/error-if-not-populated-array/-/error-if-not-populated-array-1.0.0.tgz",
      "integrity": "sha512-MFSzXiKW7NfuDW4L1Cw6BO5Fb65I0poOefRNTEoa40UdpzljNHQnfchVr2bNjqboxRrEHcYBIz85mxCC+wSrFg==",
      "requires": {
        "basic-data-handling": "^1.0.13"
      },
      "dependencies": {
        "basic-data-handling": {
          "version": "1.0.13",
          "resolved": "https://registry.npmjs.org/basic-data-handling/-/basic-data-handling-1.0.13.tgz",
          "integrity": "sha512-YRXUq0keESBb4XXzFAStPYJjviRx6CPPSzT/EfpMOLRfBrhnbBeKD2n+kfZyw2zvjreClf16xPF0tDjiLO+ogw=="
        }
      }
    },
    "error-if-not-primitive-or-array": {
      "version": "1.0.1",
      "resolved": "https://registry.npmjs.org/error-if-not-primitive-or-array/-/error-if-not-primitive-or-array-1.0.1.tgz",
      "integrity": "sha512-Ygj6CAR2z3x5VvaOrXIO0+wye4nysSW67jCDJ6LAMnyasgKleaDkF+xwg/lSk70i95RIiIa19CEVqx8CBdryOg==",
      "requires": {
        "basic-data-handling": "~1.0.13"
      }
    },
    "error-if-values-are-not-arrays": {
      "version": "1.0.2",
      "resolved": "https://registry.npmjs.org/error-if-values-are-not-arrays/-/error-if-values-are-not-arrays-1.0.2.tgz",
      "integrity": "sha512-HD4BW6LoQpF0aGVIW1UCsY8LLnB+19kGoYs2HaB8CcaBcGw0ed3XnwJTSb/sr8YqLFkhfFO5bsaFB8savUPKsw==",
      "requires": {
        "basic-data-handling": "~1.0.13"
      }
    },
    "method-chainable": {
      "version": "1.0.0",
      "resolved": "https://registry.npmjs.org/method-chainable/-/method-chainable-1.0.0.tgz",
      "integrity": "sha512-h1CpqXp1BFqFAlkQL6lydba1Qh/iLj1TjLZzQgCwfzahGF1oTT9ry5YWIbdDyQ3hqMpS5OM8rIEb/Hiz2L9N7Q==",
      "requires": {
        "self-identifiable": "^1.0.1"
      }
    },
    "public-data-container-interface": {
      "version": "1.0.3",
      "resolved": "https://registry.npmjs.org/public-data-container-interface/-/public-data-container-interface-1.0.3.tgz",
      "integrity": "sha512-/Ol+b7P3E/utnNkr/dwXZaVyYKt0/MnWiUxTCZmmLIjhfeMInR6Ki8sHgW7ESdUbQ3SyHZK5u03K1ifnUcxIIw=="
    },
    "self-identifiable": {
      "version": "1.0.1",
      "resolved": "https://registry.npmjs.org/self-identifiable/-/self-identifiable-1.0.1.tgz",
      "integrity": "sha512-I3Rvcu0CKKBbRZJ/rS1PGY5vc/DFDW9/ioYNgPueR5bMds/qdpDMHNhlYT9fb7nDms6X6k3F5lJAL9j7M17pbQ=="
    },
    "typescript": {
      "version": "3.1.6",
      "resolved": "https://registry.npmjs.org/typescript/-/typescript-3.1.6.tgz",
      "integrity": "sha512-tDMYfVtvpb96msS1lDX9MEdHrW4yOuZ4Kdc4Him9oU796XldPYF/t2+uKoX0BBa0hXXwDlqYQbXY5Rzjzc5hBA==",
      "dev": true
    }
  }
}
